
Microsoft Visual Studio Solution File, Format Version 12.00
Project("{2150E333-8FDC-42A3-9474-1A3956D46DE8}") = "API", "API", "{D0D08813-8A35-47D6-AE3E-5385AF1FDDA6}"
EndProject
Project("{2150E333-8FDC-42A3-9474-1A3956D46DE8}") = "Common", "Common", "{81B69036-2100-4EB6-A7BB-744B0466ADC9}"
EndProject
Project("{2150E333-8FDC-42A3-9474-1A3956D46DE8}") = "Business", "Business", "{A54575E6-A265-4C88-994F-E2EFB811136F}"
EndProject
Project("{2150E333-8FDC-42A3-9474-1A3956D46DE8}") = "Client", "Client", "{86264090-2D75-4268-B031-F39363CC9442}"
EndProject
Project("{FAE04EC0-301F-11D3-BF4B-00C04F79EFBC}") = "CRM.Common.Database", "Common\Database\CRM.Common.Database.csproj", "{E1DCF3E3-D5AE-484B-8F2A-966EE9CD0715}"
EndProject
Project("{FAE04EC0-301F-11D3-BF4B-00C04F79EFBC}") = "CRM.Common.Services", "Common\Services\CRM.Common.Services.csproj", "{3FED9442-B411-456A-943C-5CEEFAF9825A}"
EndProject
Project("{2150E333-8FDC-42A3-9474-1A3956D46DE8}") = "Identity", "Identity", "{72500D0A-23E2-478D-9085-312B3BA8B3E0}"
EndProject
Project("{FAE04EC0-301F-11D3-BF4B-00C04F79EFBC}") = "CRM.API.Business.Identity", "API\Business\Identity\Function\CRM.API.Business.Identity.csproj", "{ADD14652-39D9-4683-B845-5D1FF2E59351}"
EndProject
Project("{FAE04EC0-301F-11D3-BF4B-00C04F79EFBC}") = "CRM.API.Business.Identity.Data", "API\Business\Identity\Data\CRM.API.Business.Identity.Data.csproj", "{CEB6EFD1-D3EB-4645-8959-64D41E0E6F50}"
EndProject
Project("{FAE04EC0-301F-11D3-BF4B-00C04F79EFBC}") = "CRM.API.Business.Identity.Services", "API\Business\Identity\Services\CRM.API.Business.Identity.Services.csproj", "{942DC281-EB6D-4083-B3B5-76A5C87B4C53}"
EndProject
Project("{2150E333-8FDC-42A3-9474-1A3956D46DE8}") = "Management", "Management", "{3B13C55F-DD3A-4C74-B02C-8D80D4907AD3}"
EndProject
Project("{FAE04EC0-301F-11D3-BF4B-00C04F79EFBC}") = "CRM.API.Business.Management", "API\Business\Management\Function\CRM.API.Business.Management.csproj", "{3A47090A-16AB-457A-8DDC-5C4F4C60A627}"
EndProject
Project("{FAE04EC0-301F-11D3-BF4B-00C04F79EFBC}") = "CRM.API.Business.Management.Data", "API\Business\Management\Data\CRM.API.Business.Management.Data.csproj", "{28CE2BD9-0398-482B-9258-272E743DC832}"
EndProject
Project("{FAE04EC0-301F-11D3-BF4B-00C04F79EFBC}") = "CRM.API.Business.Management.Services", "API\Business\Management\Services\CRM.API.Business.Management.Services.csproj", "{10E9B8E2-6D7F-47F0-B340-7403C88FB7E6}"
EndProject
Project("{2150E333-8FDC-42A3-9474-1A3956D46DE8}") = "Integrations", "Integrations", "{CF5E20B1-9252-492F-9446-35ADBABC2FBA}"
EndProject
Project("{FAE04EC0-301F-11D3-BF4B-00C04F79EFBC}") = "CRM.API.Client.Identity", "API\Client\Identity\Function\CRM.API.Client.Identity.csproj", "{B4875F92-3CC8-46DF-B759-54CA68A4B53F}"
EndProject
Project("{FAE04EC0-301F-11D3-BF4B-00C04F79EFBC}") = "CRM.API.Client.Identity.Data", "API\Client\Identity\Data\CRM.API.Client.Identity.Data.csproj", "{DF04CFF1-8982-483D-AEC6-C39D4216E20D}"
EndProject
Project("{FAE04EC0-301F-11D3-BF4B-00C04F79EFBC}") = "CRM.API.Client.Identity.Services", "API\Client\Identity\Services\CRM.API.Client.Identity.Services.csproj", "{D99C5EAB-E6C0-408A-8844-08038382E1D3}"
EndProject
Project("{2150E333-8FDC-42A3-9474-1A3956D46DE8}") = "Identity", "Identity", "{51CAEE86-A036-4B0D-9957-7BA87041D407}"
EndProject
Project("{2150E333-8FDC-42A3-9474-1A3956D46DE8}") = "Appointment", "Appointment", "{C9886B68-A911-415D-9429-6B2AAAC8F91C}"
EndProject
Project("{FAE04EC0-301F-11D3-BF4B-00C04F79EFBC}") = "CRM.API.Client.Appointment", "API\Client\Appointment\Function\CRM.API.Client.Appointment.csproj", "{E7978ABC-57FC-445C-BBBF-3FB2AF5E4E61}"
EndProject
Project("{FAE04EC0-301F-11D3-BF4B-00C04F79EFBC}") = "CRM.API.Client.Appointment.Data", "API\Client\Appointment\Data\CRM.API.Client.Appointment.Data.csproj", "{305077B2-2A76-4BAB-AA31-6E544895CF94}"
EndProject
Project("{FAE04EC0-301F-11D3-BF4B-00C04F79EFBC}") = "CRM.API.Client.Appointment.Services", "API\Client\Appointment\Services\CRM.API.Client.Appointment.Services.csproj", "{F349EDC8-AB03-487A-B3A9-9351CCB8A28B}"
EndProject
Project("{2150E333-8FDC-42A3-9474-1A3956D46DE8}") = "Service", "Service", "{682CBD27-E6EA-434B-86F3-424A21F54A18}"
EndProject
Project("{FAE04EC0-301F-11D3-BF4B-00C04F79EFBC}") = "CRM.API.Client.Service", "API\Client\Service\Function\CRM.API.Client.Service.csproj", "{217BA5B9-C9F8-4E22-A728-F393C6A45552}"
EndProject
Project("{FAE04EC0-301F-11D3-BF4B-00C04F79EFBC}") = "CRM.API.Client.Service.Data", "API\Client\Service\Data\CRM.API.Client.Service.Data.csproj", "{F727E651-69B2-4126-B1A2-A57A1EF08A34}"
EndProject
Project("{FAE04EC0-301F-11D3-BF4B-00C04F79EFBC}") = "CRM.API.Client.Service.Services", "API\Client\Service\Services\CRM.API.Client.Service.Services.csproj", "{54A56948-E92F-4623-901D-9C862E0E3C43}"
EndProject
Project("{FAE04EC0-301F-11D3-BF4B-00C04F79EFBC}") = "CRM.Common.DatabaseMigration", "Common\DatabaseMigration\CRM.Common.DatabaseMigration.csproj", "{24C1BAB8-4CCB-46D9-A08B-5120FB5A19FB}"
EndProject
Project("{FAE04EC0-301F-11D3-BF4B-00C04F79EFBC}") = "CRM.Integrations.CosmosClient", "Integrations\CosmosClient\CRM.Integrations.CosmosClient.csproj", "{C45860DB-977D-4D61-849B-E0E335A9B4ED}"
EndProject
Project("{FAE04EC0-301F-11D3-BF4B-00C04F79EFBC}") = "CRM.Common.Core", "Common\Core\CRM.Common.Core.csproj", "{996F1A0F-6A09-47F8-9AA6-DD84B55CC025}"
EndProject
Project("{FAE04EC0-301F-11D3-BF4B-00C04F79EFBC}") = "CRM.Integrations.GoogleMapsClient", "Integrations\GoogleMapsClient\CRM.Integrations.GoogleMapsClient.csproj", "{87052548-739A-47F4-92FA-D181B10D68A6}"
EndProject
Project("{2150E333-8FDC-42A3-9474-1A3956D46DE8}") = "Appointment", "Appointment", "{77B0D9BA-F80E-4651-9536-956DE2EA2CBA}"
EndProject
Project("{FAE04EC0-301F-11D3-BF4B-00C04F79EFBC}") = "CRM.API.Business.Appointment.Data", "API\Business\Appointment\Data\CRM.API.Business.Appointment.Data.csproj", "{493EB778-2C02-45EF-A3B6-DE30912FEB6A}"
EndProject
Project("{FAE04EC0-301F-11D3-BF4B-00C04F79EFBC}") = "CRM.API.Business.Appointment", "API\Business\Appointment\Function\CRM.API.Business.Appointment.csproj", "{083FFDF0-2FD7-4DB6-AC7F-6816AEB68D39}"
EndProject
Project("{FAE04EC0-301F-11D3-BF4B-00C04F79EFBC}") = "CRM.API.Business.Appointment.Services", "API\Business\Appointment\Services\CRM.API.Business.Appointment.Services.csproj", "{F7AC9538-1780-4DB7-BE6E-0AB32229191B}"
EndProject
Project("{2150E333-8FDC-42A3-9474-1A3956D46DE8}") = "Employee", "Employee", "{264B9803-9916-4AE4-875D-12B761AD7EDC}"
EndProject
Project("{FAE04EC0-301F-11D3-BF4B-00C04F79EFBC}") = "CRM.API.Business.Employee.Data", "API\Business\Employee\Data\CRM.API.Business.Employee.Data.csproj", "{D546AC73-76DE-4A87-BE80-67705D3B2B4F}"
EndProject
Project("{FAE04EC0-301F-11D3-BF4B-00C04F79EFBC}") = "CRM.API.Business.Employee", "API\Business\Employee\Function\CRM.API.Business.Employee.csproj", "{8ABE4618-6F45-4878-95A9-F65DBF840335}"
EndProject
Project("{FAE04EC0-301F-11D3-BF4B-00C04F79EFBC}") = "CRM.API.Business.Employee.Services", "API\Business\Employee\Services\CRM.API.Business.Employee.Services.csproj", "{7BA0852A-4945-4527-8295-76F7EB12EFC0}"
EndProject
Project("{2150E333-8FDC-42A3-9474-1A3956D46DE8}") = "Store", "Store", "{53231869-2A4F-4DFE-9047-9CD1C72E37AD}"
EndProject
Project("{FAE04EC0-301F-11D3-BF4B-00C04F79EFBC}") = "CRM.API.Business.Store.Data", "API\Business\Store\Data\CRM.API.Business.Store.Data.csproj", "{D682CDB8-6992-4F00-B481-2ECF67B28860}"
EndProject
Project("{FAE04EC0-301F-11D3-BF4B-00C04F79EFBC}") = "CRM.API.Business.Store", "API\Business\Store\Function\CRM.API.Business.Store.csproj", "{660D3358-C924-4574-A87A-4DAFF59FABEF}"
EndProject
Project("{FAE04EC0-301F-11D3-BF4B-00C04F79EFBC}") = "CRM.API.Business.Store.Services", "API\Business\Store\Services\CRM.API.Business.Store.Services.csproj", "{DC12505B-2AFE-4F89-9A87-5960E2F57F46}"
EndProject
Project("{2150E333-8FDC-42A3-9474-1A3956D46DE8}") = "Service", "Service", "{672B8C12-8A97-4D0A-A2CB-0DB5EE59C2E0}"
EndProject
Project("{FAE04EC0-301F-11D3-BF4B-00C04F79EFBC}") = "CRM.API.Business.Service.Data", "API\Business\Service\Data\CRM.API.Business.Service.Data.csproj", "{EBF13DC2-087A-4AE8-9A82-6ADED0C5EEBD}"
EndProject
Project("{FAE04EC0-301F-11D3-BF4B-00C04F79EFBC}") = "CRM.API.Business.Service", "API\Business\Service\Function\CRM.API.Business.Service.csproj", "{46A197E0-704D-4750-A894-8B78C6C15653}"
EndProject
Project("{FAE04EC0-301F-11D3-BF4B-00C04F79EFBC}") = "CRM.API.Business.Service.Services", "API\Business\Service\Services\CRM.API.Business.Service.Services.csproj", "{B38421ED-4D39-40B4-9501-FEC92C20CEA5}"
EndProject
Global
	GlobalSection(SolutionConfigurationPlatforms) = preSolution
		Debug|Any CPU = Debug|Any CPU
		Release|Any CPU = Release|Any CPU
	EndGlobalSection
	GlobalSection(NestedProjects) = preSolution
		{A54575E6-A265-4C88-994F-E2EFB811136F} = {D0D08813-8A35-47D6-AE3E-5385AF1FDDA6}
		{86264090-2D75-4268-B031-F39363CC9442} = {D0D08813-8A35-47D6-AE3E-5385AF1FDDA6}
		{E1DCF3E3-D5AE-484B-8F2A-966EE9CD0715} = {81B69036-2100-4EB6-A7BB-744B0466ADC9}
		{3FED9442-B411-456A-943C-5CEEFAF9825A} = {81B69036-2100-4EB6-A7BB-744B0466ADC9}
		{72500D0A-23E2-478D-9085-312B3BA8B3E0} = {A54575E6-A265-4C88-994F-E2EFB811136F}
		{ADD14652-39D9-4683-B845-5D1FF2E59351} = {72500D0A-23E2-478D-9085-312B3BA8B3E0}
		{CEB6EFD1-D3EB-4645-8959-64D41E0E6F50} = {72500D0A-23E2-478D-9085-312B3BA8B3E0}
		{942DC281-EB6D-4083-B3B5-76A5C87B4C53} = {72500D0A-23E2-478D-9085-312B3BA8B3E0}
		{3B13C55F-DD3A-4C74-B02C-8D80D4907AD3} = {A54575E6-A265-4C88-994F-E2EFB811136F}
		{3A47090A-16AB-457A-8DDC-5C4F4C60A627} = {3B13C55F-DD3A-4C74-B02C-8D80D4907AD3}
		{28CE2BD9-0398-482B-9258-272E743DC832} = {3B13C55F-DD3A-4C74-B02C-8D80D4907AD3}
		{10E9B8E2-6D7F-47F0-B340-7403C88FB7E6} = {3B13C55F-DD3A-4C74-B02C-8D80D4907AD3}
		{51CAEE86-A036-4B0D-9957-7BA87041D407} = {86264090-2D75-4268-B031-F39363CC9442}
		{B4875F92-3CC8-46DF-B759-54CA68A4B53F} = {51CAEE86-A036-4B0D-9957-7BA87041D407}
		{DF04CFF1-8982-483D-AEC6-C39D4216E20D} = {51CAEE86-A036-4B0D-9957-7BA87041D407}
		{D99C5EAB-E6C0-408A-8844-08038382E1D3} = {51CAEE86-A036-4B0D-9957-7BA87041D407}
		{C9886B68-A911-415D-9429-6B2AAAC8F91C} = {86264090-2D75-4268-B031-F39363CC9442}
		{E7978ABC-57FC-445C-BBBF-3FB2AF5E4E61} = {C9886B68-A911-415D-9429-6B2AAAC8F91C}
		{305077B2-2A76-4BAB-AA31-6E544895CF94} = {C9886B68-A911-415D-9429-6B2AAAC8F91C}
		{F349EDC8-AB03-487A-B3A9-9351CCB8A28B} = {C9886B68-A911-415D-9429-6B2AAAC8F91C}
		{682CBD27-E6EA-434B-86F3-424A21F54A18} = {86264090-2D75-4268-B031-F39363CC9442}
		{217BA5B9-C9F8-4E22-A728-F393C6A45552} = {682CBD27-E6EA-434B-86F3-424A21F54A18}
		{F727E651-69B2-4126-B1A2-A57A1EF08A34} = {682CBD27-E6EA-434B-86F3-424A21F54A18}
		{54A56948-E92F-4623-901D-9C862E0E3C43} = {682CBD27-E6EA-434B-86F3-424A21F54A18}
		{24C1BAB8-4CCB-46D9-A08B-5120FB5A19FB} = {81B69036-2100-4EB6-A7BB-744B0466ADC9}
		{C45860DB-977D-4D61-849B-E0E335A9B4ED} = {CF5E20B1-9252-492F-9446-35ADBABC2FBA}
		{996F1A0F-6A09-47F8-9AA6-DD84B55CC025} = {81B69036-2100-4EB6-A7BB-744B0466ADC9}
		{87052548-739A-47F4-92FA-D181B10D68A6} = {CF5E20B1-9252-492F-9446-35ADBABC2FBA}
		{77B0D9BA-F80E-4651-9536-956DE2EA2CBA} = {A54575E6-A265-4C88-994F-E2EFB811136F}
		{493EB778-2C02-45EF-A3B6-DE30912FEB6A} = {77B0D9BA-F80E-4651-9536-956DE2EA2CBA}
		{083FFDF0-2FD7-4DB6-AC7F-6816AEB68D39} = {77B0D9BA-F80E-4651-9536-956DE2EA2CBA}
		{F7AC9538-1780-4DB7-BE6E-0AB32229191B} = {77B0D9BA-F80E-4651-9536-956DE2EA2CBA}
		{264B9803-9916-4AE4-875D-12B761AD7EDC} = {A54575E6-A265-4C88-994F-E2EFB811136F}
		{D546AC73-76DE-4A87-BE80-67705D3B2B4F} = {264B9803-9916-4AE4-875D-12B761AD7EDC}
		{8ABE4618-6F45-4878-95A9-F65DBF840335} = {264B9803-9916-4AE4-875D-12B761AD7EDC}
		{7BA0852A-4945-4527-8295-76F7EB12EFC0} = {264B9803-9916-4AE4-875D-12B761AD7EDC}
		{53231869-2A4F-4DFE-9047-9CD1C72E37AD} = {A54575E6-A265-4C88-994F-E2EFB811136F}
		{D682CDB8-6992-4F00-B481-2ECF67B28860} = {53231869-2A4F-4DFE-9047-9CD1C72E37AD}
		{660D3358-C924-4574-A87A-4DAFF59FABEF} = {53231869-2A4F-4DFE-9047-9CD1C72E37AD}
		{DC12505B-2AFE-4F89-9A87-5960E2F57F46} = {53231869-2A4F-4DFE-9047-9CD1C72E37AD}
		{672B8C12-8A97-4D0A-A2CB-0DB5EE59C2E0} = {A54575E6-A265-4C88-994F-E2EFB811136F}
		{EBF13DC2-087A-4AE8-9A82-6ADED0C5EEBD} = {672B8C12-8A97-4D0A-A2CB-0DB5EE59C2E0}
		{46A197E0-704D-4750-A894-8B78C6C15653} = {672B8C12-8A97-4D0A-A2CB-0DB5EE59C2E0}
		{B38421ED-4D39-40B4-9501-FEC92C20CEA5} = {672B8C12-8A97-4D0A-A2CB-0DB5EE59C2E0}
	EndGlobalSection
	GlobalSection(ProjectConfigurationPlatforms) = postSolution
		{E1DCF3E3-D5AE-484B-8F2A-966EE9CD0715}.Debug|Any CPU.ActiveCfg = Debug|Any CPU
		{E1DCF3E3-D5AE-484B-8F2A-966EE9CD0715}.Debug|Any CPU.Build.0 = Debug|Any CPU
		{E1DCF3E3-D5AE-484B-8F2A-966EE9CD0715}.Release|Any CPU.ActiveCfg = Release|Any CPU
		{E1DCF3E3-D5AE-484B-8F2A-966EE9CD0715}.Release|Any CPU.Build.0 = Release|Any CPU
		{3FED9442-B411-456A-943C-5CEEFAF9825A}.Debug|Any CPU.ActiveCfg = Debug|Any CPU
		{3FED9442-B411-456A-943C-5CEEFAF9825A}.Debug|Any CPU.Build.0 = Debug|Any CPU
		{3FED9442-B411-456A-943C-5CEEFAF9825A}.Release|Any CPU.ActiveCfg = Release|Any CPU
		{3FED9442-B411-456A-943C-5CEEFAF9825A}.Release|Any CPU.Build.0 = Release|Any CPU
		{ADD14652-39D9-4683-B845-5D1FF2E59351}.Debug|Any CPU.ActiveCfg = Debug|Any CPU
		{ADD14652-39D9-4683-B845-5D1FF2E59351}.Debug|Any CPU.Build.0 = Debug|Any CPU
		{ADD14652-39D9-4683-B845-5D1FF2E59351}.Release|Any CPU.ActiveCfg = Release|Any CPU
		{ADD14652-39D9-4683-B845-5D1FF2E59351}.Release|Any CPU.Build.0 = Release|Any CPU
		{CEB6EFD1-D3EB-4645-8959-64D41E0E6F50}.Debug|Any CPU.ActiveCfg = Debug|Any CPU
		{CEB6EFD1-D3EB-4645-8959-64D41E0E6F50}.Debug|Any CPU.Build.0 = Debug|Any CPU
		{CEB6EFD1-D3EB-4645-8959-64D41E0E6F50}.Release|Any CPU.ActiveCfg = Release|Any CPU
		{CEB6EFD1-D3EB-4645-8959-64D41E0E6F50}.Release|Any CPU.Build.0 = Release|Any CPU
		{942DC281-EB6D-4083-B3B5-76A5C87B4C53}.Debug|Any CPU.ActiveCfg = Debug|Any CPU
		{942DC281-EB6D-4083-B3B5-76A5C87B4C53}.Debug|Any CPU.Build.0 = Debug|Any CPU
		{942DC281-EB6D-4083-B3B5-76A5C87B4C53}.Release|Any CPU.ActiveCfg = Release|Any CPU
		{942DC281-EB6D-4083-B3B5-76A5C87B4C53}.Release|Any CPU.Build.0 = Release|Any CPU
		{3A47090A-16AB-457A-8DDC-5C4F4C60A627}.Debug|Any CPU.ActiveCfg = Debug|Any CPU
		{3A47090A-16AB-457A-8DDC-5C4F4C60A627}.Debug|Any CPU.Build.0 = Debug|Any CPU
		{3A47090A-16AB-457A-8DDC-5C4F4C60A627}.Release|Any CPU.ActiveCfg = Release|Any CPU
		{3A47090A-16AB-457A-8DDC-5C4F4C60A627}.Release|Any CPU.Build.0 = Release|Any CPU
		{28CE2BD9-0398-482B-9258-272E743DC832}.Debug|Any CPU.ActiveCfg = Debug|Any CPU
		{28CE2BD9-0398-482B-9258-272E743DC832}.Debug|Any CPU.Build.0 = Debug|Any CPU
		{28CE2BD9-0398-482B-9258-272E743DC832}.Release|Any CPU.ActiveCfg = Release|Any CPU
		{28CE2BD9-0398-482B-9258-272E743DC832}.Release|Any CPU.Build.0 = Release|Any CPU
		{10E9B8E2-6D7F-47F0-B340-7403C88FB7E6}.Debug|Any CPU.ActiveCfg = Debug|Any CPU
		{10E9B8E2-6D7F-47F0-B340-7403C88FB7E6}.Debug|Any CPU.Build.0 = Debug|Any CPU
		{10E9B8E2-6D7F-47F0-B340-7403C88FB7E6}.Release|Any CPU.ActiveCfg = Release|Any CPU
		{10E9B8E2-6D7F-47F0-B340-7403C88FB7E6}.Release|Any CPU.Build.0 = Release|Any CPU
		{B4875F92-3CC8-46DF-B759-54CA68A4B53F}.Debug|Any CPU.ActiveCfg = Debug|Any CPU
		{B4875F92-3CC8-46DF-B759-54CA68A4B53F}.Debug|Any CPU.Build.0 = Debug|Any CPU
		{B4875F92-3CC8-46DF-B759-54CA68A4B53F}.Release|Any CPU.ActiveCfg = Release|Any CPU
		{B4875F92-3CC8-46DF-B759-54CA68A4B53F}.Release|Any CPU.Build.0 = Release|Any CPU
		{DF04CFF1-8982-483D-AEC6-C39D4216E20D}.Debug|Any CPU.ActiveCfg = Debug|Any CPU
		{DF04CFF1-8982-483D-AEC6-C39D4216E20D}.Debug|Any CPU.Build.0 = Debug|Any CPU
		{DF04CFF1-8982-483D-AEC6-C39D4216E20D}.Release|Any CPU.ActiveCfg = Release|Any CPU
		{DF04CFF1-8982-483D-AEC6-C39D4216E20D}.Release|Any CPU.Build.0 = Release|Any CPU
		{D99C5EAB-E6C0-408A-8844-08038382E1D3}.Debug|Any CPU.ActiveCfg = Debug|Any CPU
		{D99C5EAB-E6C0-408A-8844-08038382E1D3}.Debug|Any CPU.Build.0 = Debug|Any CPU
		{D99C5EAB-E6C0-408A-8844-08038382E1D3}.Release|Any CPU.ActiveCfg = Release|Any CPU
		{D99C5EAB-E6C0-408A-8844-08038382E1D3}.Release|Any CPU.Build.0 = Release|Any CPU
		{E7978ABC-57FC-445C-BBBF-3FB2AF5E4E61}.Debug|Any CPU.ActiveCfg = Debug|Any CPU
		{E7978ABC-57FC-445C-BBBF-3FB2AF5E4E61}.Debug|Any CPU.Build.0 = Debug|Any CPU
		{E7978ABC-57FC-445C-BBBF-3FB2AF5E4E61}.Release|Any CPU.ActiveCfg = Release|Any CPU
		{E7978ABC-57FC-445C-BBBF-3FB2AF5E4E61}.Release|Any CPU.Build.0 = Release|Any CPU
		{305077B2-2A76-4BAB-AA31-6E544895CF94}.Debug|Any CPU.ActiveCfg = Debug|Any CPU
		{305077B2-2A76-4BAB-AA31-6E544895CF94}.Debug|Any CPU.Build.0 = Debug|Any CPU
		{305077B2-2A76-4BAB-AA31-6E544895CF94}.Release|Any CPU.ActiveCfg = Release|Any CPU
		{305077B2-2A76-4BAB-AA31-6E544895CF94}.Release|Any CPU.Build.0 = Release|Any CPU
		{F349EDC8-AB03-487A-B3A9-9351CCB8A28B}.Debug|Any CPU.ActiveCfg = Debug|Any CPU
		{F349EDC8-AB03-487A-B3A9-9351CCB8A28B}.Debug|Any CPU.Build.0 = Debug|Any CPU
		{F349EDC8-AB03-487A-B3A9-9351CCB8A28B}.Release|Any CPU.ActiveCfg = Release|Any CPU
		{F349EDC8-AB03-487A-B3A9-9351CCB8A28B}.Release|Any CPU.Build.0 = Release|Any CPU
		{217BA5B9-C9F8-4E22-A728-F393C6A45552}.Debug|Any CPU.ActiveCfg = Debug|Any CPU
		{217BA5B9-C9F8-4E22-A728-F393C6A45552}.Debug|Any CPU.Build.0 = Debug|Any CPU
		{217BA5B9-C9F8-4E22-A728-F393C6A45552}.Release|Any CPU.ActiveCfg = Release|Any CPU
		{217BA5B9-C9F8-4E22-A728-F393C6A45552}.Release|Any CPU.Build.0 = Release|Any CPU
		{F727E651-69B2-4126-B1A2-A57A1EF08A34}.Debug|Any CPU.ActiveCfg = Debug|Any CPU
		{F727E651-69B2-4126-B1A2-A57A1EF08A34}.Debug|Any CPU.Build.0 = Debug|Any CPU
		{F727E651-69B2-4126-B1A2-A57A1EF08A34}.Release|Any CPU.ActiveCfg = Release|Any CPU
		{F727E651-69B2-4126-B1A2-A57A1EF08A34}.Release|Any CPU.Build.0 = Release|Any CPU
		{54A56948-E92F-4623-901D-9C862E0E3C43}.Debug|Any CPU.ActiveCfg = Debug|Any CPU
		{54A56948-E92F-4623-901D-9C862E0E3C43}.Debug|Any CPU.Build.0 = Debug|Any CPU
		{54A56948-E92F-4623-901D-9C862E0E3C43}.Release|Any CPU.ActiveCfg = Release|Any CPU
		{54A56948-E92F-4623-901D-9C862E0E3C43}.Release|Any CPU.Build.0 = Release|Any CPU
		{24C1BAB8-4CCB-46D9-A08B-5120FB5A19FB}.Debug|Any CPU.ActiveCfg = Debug|Any CPU
		{24C1BAB8-4CCB-46D9-A08B-5120FB5A19FB}.Debug|Any CPU.Build.0 = Debug|Any CPU
		{24C1BAB8-4CCB-46D9-A08B-5120FB5A19FB}.Release|Any CPU.ActiveCfg = Release|Any CPU
		{24C1BAB8-4CCB-46D9-A08B-5120FB5A19FB}.Release|Any CPU.Build.0 = Release|Any CPU
		{C45860DB-977D-4D61-849B-E0E335A9B4ED}.Debug|Any CPU.ActiveCfg = Debug|Any CPU
		{C45860DB-977D-4D61-849B-E0E335A9B4ED}.Debug|Any CPU.Build.0 = Debug|Any CPU
		{C45860DB-977D-4D61-849B-E0E335A9B4ED}.Release|Any CPU.ActiveCfg = Release|Any CPU
		{C45860DB-977D-4D61-849B-E0E335A9B4ED}.Release|Any CPU.Build.0 = Release|Any CPU
		{996F1A0F-6A09-47F8-9AA6-DD84B55CC025}.Debug|Any CPU.ActiveCfg = Debug|Any CPU
		{996F1A0F-6A09-47F8-9AA6-DD84B55CC025}.Debug|Any CPU.Build.0 = Debug|Any CPU
		{996F1A0F-6A09-47F8-9AA6-DD84B55CC025}.Release|Any CPU.ActiveCfg = Release|Any CPU
		{996F1A0F-6A09-47F8-9AA6-DD84B55CC025}.Release|Any CPU.Build.0 = Release|Any CPU
		{87052548-739A-47F4-92FA-D181B10D68A6}.Debug|Any CPU.ActiveCfg = Debug|Any CPU
		{87052548-739A-47F4-92FA-D181B10D68A6}.Debug|Any CPU.Build.0 = Debug|Any CPU
		{87052548-739A-47F4-92FA-D181B10D68A6}.Release|Any CPU.ActiveCfg = Release|Any CPU
		{87052548-739A-47F4-92FA-D181B10D68A6}.Release|Any CPU.Build.0 = Release|Any CPU
		{493EB778-2C02-45EF-A3B6-DE30912FEB6A}.Debug|Any CPU.ActiveCfg = Debug|Any CPU
		{493EB778-2C02-45EF-A3B6-DE30912FEB6A}.Debug|Any CPU.Build.0 = Debug|Any CPU
		{493EB778-2C02-45EF-A3B6-DE30912FEB6A}.Release|Any CPU.ActiveCfg = Release|Any CPU
		{493EB778-2C02-45EF-A3B6-DE30912FEB6A}.Release|Any CPU.Build.0 = Release|Any CPU
		{083FFDF0-2FD7-4DB6-AC7F-6816AEB68D39}.Debug|Any CPU.ActiveCfg = Debug|Any CPU
		{083FFDF0-2FD7-4DB6-AC7F-6816AEB68D39}.Debug|Any CPU.Build.0 = Debug|Any CPU
		{083FFDF0-2FD7-4DB6-AC7F-6816AEB68D39}.Release|Any CPU.ActiveCfg = Release|Any CPU
		{083FFDF0-2FD7-4DB6-AC7F-6816AEB68D39}.Release|Any CPU.Build.0 = Release|Any CPU
		{F7AC9538-1780-4DB7-BE6E-0AB32229191B}.Debug|Any CPU.ActiveCfg = Debug|Any CPU
		{F7AC9538-1780-4DB7-BE6E-0AB32229191B}.Debug|Any CPU.Build.0 = Debug|Any CPU
		{F7AC9538-1780-4DB7-BE6E-0AB32229191B}.Release|Any CPU.ActiveCfg = Release|Any CPU
		{F7AC9538-1780-4DB7-BE6E-0AB32229191B}.Release|Any CPU.Build.0 = Release|Any CPU
		{D546AC73-76DE-4A87-BE80-67705D3B2B4F}.Debug|Any CPU.ActiveCfg = Debug|Any CPU
		{D546AC73-76DE-4A87-BE80-67705D3B2B4F}.Debug|Any CPU.Build.0 = Debug|Any CPU
		{D546AC73-76DE-4A87-BE80-67705D3B2B4F}.Release|Any CPU.ActiveCfg = Release|Any CPU
		{D546AC73-76DE-4A87-BE80-67705D3B2B4F}.Release|Any CPU.Build.0 = Release|Any CPU
		{8ABE4618-6F45-4878-95A9-F65DBF840335}.Debug|Any CPU.ActiveCfg = Debug|Any CPU
		{8ABE4618-6F45-4878-95A9-F65DBF840335}.Debug|Any CPU.Build.0 = Debug|Any CPU
		{8ABE4618-6F45-4878-95A9-F65DBF840335}.Release|Any CPU.ActiveCfg = Release|Any CPU
		{8ABE4618-6F45-4878-95A9-F65DBF840335}.Release|Any CPU.Build.0 = Release|Any CPU
		{7BA0852A-4945-4527-8295-76F7EB12EFC0}.Debug|Any CPU.ActiveCfg = Debug|Any CPU
		{7BA0852A-4945-4527-8295-76F7EB12EFC0}.Debug|Any CPU.Build.0 = Debug|Any CPU
		{7BA0852A-4945-4527-8295-76F7EB12EFC0}.Release|Any CPU.ActiveCfg = Release|Any CPU
		{7BA0852A-4945-4527-8295-76F7EB12EFC0}.Release|Any CPU.Build.0 = Release|Any CPU
		{D682CDB8-6992-4F00-B481-2ECF67B28860}.Debug|Any CPU.ActiveCfg = Debug|Any CPU
		{D682CDB8-6992-4F00-B481-2ECF67B28860}.Debug|Any CPU.Build.0 = Debug|Any CPU
		{D682CDB8-6992-4F00-B481-2ECF67B28860}.Release|Any CPU.ActiveCfg = Release|Any CPU
		{D682CDB8-6992-4F00-B481-2ECF67B28860}.Release|Any CPU.Build.0 = Release|Any CPU
		{660D3358-C924-4574-A87A-4DAFF59FABEF}.Debug|Any CPU.ActiveCfg = Debug|Any CPU
		{660D3358-C924-4574-A87A-4DAFF59FABEF}.Debug|Any CPU.Build.0 = Debug|Any CPU
		{660D3358-C924-4574-A87A-4DAFF59FABEF}.Release|Any CPU.ActiveCfg = Release|Any CPU
		{660D3358-C924-4574-A87A-4DAFF59FABEF}.Release|Any CPU.Build.0 = Release|Any CPU
		{DC12505B-2AFE-4F89-9A87-5960E2F57F46}.Debug|Any CPU.ActiveCfg = Debug|Any CPU
		{DC12505B-2AFE-4F89-9A87-5960E2F57F46}.Debug|Any CPU.Build.0 = Debug|Any CPU
		{DC12505B-2AFE-4F89-9A87-5960E2F57F46}.Release|Any CPU.ActiveCfg = Release|Any CPU
		{DC12505B-2AFE-4F89-9A87-5960E2F57F46}.Release|Any CPU.Build.0 = Release|Any CPU
		{EBF13DC2-087A-4AE8-9A82-6ADED0C5EEBD}.Debug|Any CPU.ActiveCfg = Debug|Any CPU
		{EBF13DC2-087A-4AE8-9A82-6ADED0C5EEBD}.Debug|Any CPU.Build.0 = Debug|Any CPU
		{EBF13DC2-087A-4AE8-9A82-6ADED0C5EEBD}.Release|Any CPU.ActiveCfg = Release|Any CPU
		{EBF13DC2-087A-4AE8-9A82-6ADED0C5EEBD}.Release|Any CPU.Build.0 = Release|Any CPU
		{46A197E0-704D-4750-A894-8B78C6C15653}.Debug|Any CPU.ActiveCfg = Debug|Any CPU
		{46A197E0-704D-4750-A894-8B78C6C15653}.Debug|Any CPU.Build.0 = Debug|Any CPU
		{46A197E0-704D-4750-A894-8B78C6C15653}.Release|Any CPU.ActiveCfg = Release|Any CPU
		{46A197E0-704D-4750-A894-8B78C6C15653}.Release|Any CPU.Build.0 = Release|Any CPU
		{B38421ED-4D39-40B4-9501-FEC92C20CEA5}.Debug|Any CPU.ActiveCfg = Debug|Any CPU
		{B38421ED-4D39-40B4-9501-FEC92C20CEA5}.Debug|Any CPU.Build.0 = Debug|Any CPU
		{B38421ED-4D39-40B4-9501-FEC92C20CEA5}.Release|Any CPU.ActiveCfg = Release|Any CPU
		{B38421ED-4D39-40B4-9501-FEC92C20CEA5}.Release|Any CPU.Build.0 = Release|Any CPU
	EndGlobalSection
EndGlobal
